{
  "lockfile_version": "1",
  "packages": {
    "devbox@0.17.1": {
      "last_modified": "2026-04-16T08:46:55Z",
      "resolved": "github:NixOS/nixpkgs/b86751bc4085f48661017fa226dee99fab6c651b#devbox",
      "source": "devbox-search",
      "version": "0.17.1",
      "systems": {
        "aarch64-darwin": {
          "outputs": [
            {
              "name": "out",
              "path": "/nix/store/56mrf9iasb2b970dfbs709ikvxl8p1a9-devbox-0.17.1",
              "default": true
            }
          ],
          "store_path": "/nix/store/56mrf9iasb2b970dfbs709ikvxl8p1a9-devbox-0.17.1"
        },
        "aarch64-linux": {
          "outputs": [
            {
              "name": "out",
              "path": "/nix/store/1ais5h5gph05rqjhhnhf04lcyffgmfwj-devbox-0.17.1",
              "default": true
            }
          ],
          "store_path": "/nix/store/1ais5h5gph05rqjhhnhf04lcyffgmfwj-devbox-0.17.1"
        },
        "x86_64-darwin": {
          "outputs": [
            {
              "name": "out",
              "path": "/nix/store/p1imny85wmlh1nj5y78lb2sf2dsbq2hi-devbox-0.17.1",
              "default": true
            }
          ],
          "store_path": "/nix/store/p1imny85wmlh1nj5y78lb2sf2dsbq2hi-devbox-0.17.1"
        },
        "x86_64-linux": {
          "outputs": [
            {
              "name": "out",
              "path": "/nix/store/fg2y0h1mv2qjgf8np71gypwn7zngfd1l-devbox-0.17.1",
              "default": true
            }
          ],
          "store_path": "/nix/store/fg2y0h1mv2qjgf8np71gypwn7zngfd1l-devbox-0.17.1"
        }
      }
    },
    "git@2.53.0": {
      "last_modified": "2026-04-16T08:46:55Z",
      "resolved": "github:NixOS/nixpkgs/b86751bc4085f48661017fa226dee99fab6c651b#git",
      "source": "devbox-search",
      "version": "2.53.0",
      "systems": {
        "aarch64-darwin": {
          "outputs": [
            {
              "name": "out",
              "path": "/nix/store/6qbj40r0s289k5slmy8yna5x2hfz01wg-git-2.53.0",
              "default": true
            },
            {
              "name": "doc",
              "path": "/nix/store/xp9w7bcl4c78268kn82qdayqglj0zdxa-git-2.53.0-doc"
            }
          ],
          "store_path": "/nix/store/6qbj40r0s289k5slmy8yna5x2hfz01wg-git-2.53.0"
        },
        "aarch64-linux": {
          "outputs": [
            {
              "name": "out",
              "path": "/nix/store/0vbb6j0ppx1w8cw28h7w8s2dzla9j3m6-git-2.53.0",
              "default": true
            },
            {
              "name": "debug",
              "path": "/nix/store/gaj4q67pid2pcy9nvh2ysv4728wxj5m4-git-2.53.0-debug"
            },
            {
              "name": "doc",
              "path": "/nix/store/9mrg9g0w2b4cfdppq3n4zvhkvyixvqpx-git-2.53.0-doc"
            }
          ],
          "store_path": "/nix/store/0vbb6j0ppx1w8cw28h7w8s2dzla9j3m6-git-2.53.0"
        },
        "x86_64-darwin": {
          "outputs": [
            {
              "name": "out",
              "path": "/nix/store/2q2hzaclp1rsj65h21lng7wa26vawhnq-git-2.53.0",
              "default": true
            },
            {
              "name": "doc",
              "path": "/nix/store/yi2mi426la2x7rggv0a0ah11s2dangz4-git-2.53.0-doc"
            }
          ],
          "store_path": "/nix/store/2q2hzaclp1rsj65h21lng7wa26vawhnq-git-2.53.0"
        },
        "x86_64-linux": {
          "outputs": [
            {
              "name": "out",
              "path": "/nix/store/7yvcckar1lzhqnr0xx2n19nsdjd4qa4d-git-2.53.0",
              "default": true
            },
            {
              "name": "doc",
              "path": "/nix/store/rv7cz5lz1qmbdnh3zrpv0j0wa5ivaacq-git-2.53.0-doc"
            },
            {
              "name": "debug",
              "path": "/nix/store/9xs1n97fsdbgnk8cxbdx3hqlz6fdaynb-git-2.53.0-debug"
            }
          ],
          "store_path": "/nix/store/7yvcckar1lzhqnr0xx2n19nsdjd4qa4d-git-2.53.0"
        }
      }
    },
    "github:NixOS/nixpkgs/nixpkgs-unstable": {
      "last_modified": "2026-04-11T06:17:25Z",
      "resolved": "github:NixOS/nixpkgs/13043924aaa7375ce482ebe2494338e058282925?lastModified=1775888245&narHash=sha256-nwASzrRDD1JBEu%2Fo8ekKYEXm%2FoJW6EMCzCRdrwcLe90%3D"
    },
    "markdownlint-cli2@0.21.0": {
      "last_modified": "2026-04-16T08:46:55Z",
      "resolved": "github:NixOS/nixpkgs/b86751bc4085f48661017fa226dee99fab6c651b#markdownlint-cli2",
      "source": "devbox-search",
      "version": "0.21.0",
      "systems": {
        "aarch64-darwin": {
          "outputs": [
            {
              "name": "out",
              "path": "/nix/store/snfqccf95i05iiz0kffaij4bz08kzb0c-markdownlint-cli2-0.21.0",
              "default": true
            }
          ],
          "store_path": "/nix/store/snfqccf95i05iiz0kffaij4bz08kzb0c-markdownlint-cli2-0.21.0"
        },
        "aarch64-linux": {
          "outputs": [
            {
              "name": "out",
              "path": "/nix/store/vrpidr9nvanw74gr29lsvfggv2x74bgs-markdownlint-cli2-0.21.0",
              "default": true
            }
          ],
          "store_path": "/nix/store/vrpidr9nvanw74gr29lsvfggv2x74bgs-markdownlint-cli2-0.21.0"
        },
        "x86_64-darwin": {
          "outputs": [
            {
              "name": "out",
              "path": "/nix/store/75sdvy60h4h95bb0y03iwbz3f76b54wz-markdownlint-cli2-0.21.0",
              "default": true
            }
          ],
          "store_path": "/nix/store/75sdvy60h4h95bb0y03iwbz3f76b54wz-markdownlint-cli2-0.21.0"
        },
        "x86_64-linux": {
          "outputs": [
            {
              "name": "out",
              "path": "/nix/store/d00905i0s4qiqk8k94rik7rbjinw03kd-markdownlint-cli2-0.21.0",
              "default": true
            }
          ],
          "store_path": "/nix/store/d00905i0s4qiqk8k94rik7rbjinw03kd-markdownlint-cli2-0.21.0"
        }
      }
    },
    "prettier@3.6.2": {
      "last_modified": "2026-03-21T07:29:51Z",
      "resolved": "github:NixOS/nixpkgs/09061f748ee21f68a089cd5d91ec1859cd93d0be#prettier",
      "source": "devbox-search",
      "version": "3.6.2",
      "systems": {
        "aarch64-darwin": {
          "outputs": [
            {
              "name": "out",
              "path": "/nix/store/r48azz4l39w96zn152ybpcqxpkqpziz8-prettier-3.6.2",
              "default": true
            }
          ],
          "store_path": "/nix/store/r48azz4l39w96zn152ybpcqxpkqpziz8-prettier-3.6.2"
        },
        "aarch64-linux": {
          "outputs": [
            {
              "name": "out",
              "path": "/nix/store/7vz0hyz8ysq4759y6mn931rx1zvn56hc-prettier-3.6.2",
              "default": true
            }
          ],
          "store_path": "/nix/store/7vz0hyz8ysq4759y6mn931rx1zvn56hc-prettier-3.6.2"
        },
        "x86_64-darwin": {
          "outputs": [
            {
              "name": "out",
              "path": "/nix/store/ynj49sr067m60y1v7vs31k2iqc7n894a-prettier-3.6.2",
              "default": true
            }
          ],
          "store_path": "/nix/store/ynj49sr067m60y1v7vs31k2iqc7n894a-prettier-3.6.2"
        },
        "x86_64-linux": {
          "outputs": [
            {
              "name": "out",
              "path": "/nix/store/afhc5ydqajy6c848ylslxgxfqqi4c7mf-prettier-3.6.2",
              "default": true
            }
          ],
          "store_path": "/nix/store/afhc5ydqajy6c848ylslxgxfqqi4c7mf-prettier-3.6.2"
        }
      }
    },
    "vale-ls@0.4.0": {
      "last_modified": "2026-03-23T05:26:49Z",
      "resolved": "github:NixOS/nixpkgs/4724d5647207377bede08da3212f809cbd94a648#vale-ls",
      "source": "devbox-search",
      "version": "0.4.0",
      "systems": {
        "aarch64-darwin": {
          "outputs": [
            {
              "name": "out",
              "path": "/nix/store/d18x3k6x99w8d4kqp56hdgwjic42sjay-vale-ls-0.4.0",
              "default": true
            }
          ],
          "store_path": "/nix/store/d18x3k6x99w8d4kqp56hdgwjic42sjay-vale-ls-0.4.0"
        },
        "aarch64-linux": {
          "outputs": [
            {
              "name": "out",
              "path": "/nix/store/ny3lmayaigfk9w001rhp35ir7lb4f9vb-vale-ls-0.4.0",
              "default": true
            }
          ],
          "store_path": "/nix/store/ny3lmayaigfk9w001rhp35ir7lb4f9vb-vale-ls-0.4.0"
        },
        "x86_64-darwin": {
          "outputs": [
            {
              "name": "out",
              "path": "/nix/store/4cb3cqr07qprmavcj7vi73129vmvaw3l-vale-ls-0.4.0",
              "default": true
            }
          ],
          "store_path": "/nix/store/4cb3cqr07qprmavcj7vi73129vmvaw3l-vale-ls-0.4.0"
        },
        "x86_64-linux": {
          "outputs": [
            {
              "name": "out",
              "path": "/nix/store/nc85y1mk63v977rmw4x8lypzl65591zw-vale-ls-0.4.0",
              "default": true
            }
          ],
          "store_path": "/nix/store/nc85y1mk63v977rmw4x8lypzl65591zw-vale-ls-0.4.0"
        }
      }
    },
    "vale@3.14.1": {
      "last_modified": "2026-03-23T05:26:49Z",
      "resolved": "github:NixOS/nixpkgs/4724d5647207377bede08da3212f809cbd94a648#vale",
      "source": "devbox-search",
      "version": "3.14.1",
      "systems": {
        "aarch64-darwin": {
          "outputs": [
            {
              "name": "out",
              "path": "/nix/store/x4jkr8q5w8akvmksy478cznf306whh3w-vale-3.14.1",
              "default": true
            }
          ],
          "store_path": "/nix/store/x4jkr8q5w8akvmksy478cznf306whh3w-vale-3.14.1"
        },
        "aarch64-linux": {
          "outputs": [
            {
              "name": "out",
              "path": "/nix/store/n06jk4c8gvnw57jz6vr9qwkkx80648i7-vale-3.14.1",
              "default": true
            }
          ],
          "store_path": "/nix/store/n06jk4c8gvnw57jz6vr9qwkkx80648i7-vale-3.14.1"
        },
        "x86_64-darwin": {
          "outputs": [
            {
              "name": "out",
              "path": "/nix/store/14rlpzbszfij5075gcb7s2xfpjflbh1x-vale-3.14.1",
              "default": true
            }
          ],
          "store_path": "/nix/store/14rlpzbszfij5075gcb7s2xfpjflbh1x-vale-3.14.1"
        },
        "x86_64-linux": {
          "outputs": [
            {
              "name": "out",
              "path": "/nix/store/j3gnlb01ab72lia0qsqqq401nvk9bmfk-vale-3.14.1",
              "default": true
            }
          ],
          "store_path": "/nix/store/j3gnlb01ab72lia0qsqqq401nvk9bmfk-vale-3.14.1"
        }
      }
    }
  }
}
